{
  "version": 4,
  "terraform_version": "0.15.0",
  "serial": 38,
  "lineage": "1667b1e1-4078-20f3-5cfa-631f3e9c8280",
  "outputs": {},
  "resources": [
    {
      "mode": "data",
      "type": "archive_file",
      "name": "lambda_disconnect",
      "provider": "provider[\"registry.terraform.io/hashicorp/archive\"]",
      "instances": [
        {
          "schema_version": 0,
          "attributes": {
            "excludes": null,
            "id": "feed7139e197c95b7f87fc09628dec7a7aea679f",
            "output_base64sha256": "6/5de/e2ntmvomPQOvxGoWOnuQM7362uo3d3b/DZ2Qs=",
            "output_file_mode": null,
            "output_md5": "94562e6bd61034d608b5bc16bc85863e",
            "output_path": "python_handlers/onConnect.py.zip",
            "output_sha": "feed7139e197c95b7f87fc09628dec7a7aea679f",
            "output_size": 705,
            "source": [],
            "source_content": null,
            "source_content_filename": null,
            "source_dir": null,
            "source_file": "python_handlers/onConnect.py",
            "type": "zip"
          },
          "sensitive_attributes": []
        }
      ]
    },
    {
      "mode": "data",
      "type": "archive_file",
      "name": "lambda_on_connect",
      "provider": "provider[\"registry.terraform.io/hashicorp/archive\"]",
      "instances": [
        {
          "schema_version": 0,
          "attributes": {
            "excludes": null,
            "id": "feed7139e197c95b7f87fc09628dec7a7aea679f",
            "output_base64sha256": "6/5de/e2ntmvomPQOvxGoWOnuQM7362uo3d3b/DZ2Qs=",
            "output_file_mode": null,
            "output_md5": "94562e6bd61034d608b5bc16bc85863e",
            "output_path": "python_handlers/onConnect.py.zip",
            "output_sha": "feed7139e197c95b7f87fc09628dec7a7aea679f",
            "output_size": 705,
            "source": [],
            "source_content": null,
            "source_content_filename": null,
            "source_dir": null,
            "source_file": "python_handlers/onConnect.py",
            "type": "zip"
          },
          "sensitive_attributes": []
        }
      ]
    },
    {
      "mode": "managed",
      "type": "aws_apigatewayv2_api",
      "name": "websocket_api",
      "provider": "provider[\"registry.terraform.io/hashicorp/aws\"]",
      "instances": [
        {
          "schema_version": 0,
          "attributes": {
            "api_endpoint": "wss://1qhpnrno87.execute-api.us-east-1.amazonaws.com",
            "api_key_selection_expression": "$request.header.x-api-key",
            "arn": "arn:aws:apigateway:us-east-1::/apis/1qhpnrno87",
            "body": null,
            "cors_configuration": [],
            "credentials_arn": null,
            "description": "",
            "disable_execute_api_endpoint": false,
            "execution_arn": "arn:aws:execute-api:us-east-1:249733502015:1qhpnrno87",
            "fail_on_warnings": null,
            "id": "1qhpnrno87",
            "name": "websocket_api_dev",
            "protocol_type": "WEBSOCKET",
            "route_key": null,
            "route_selection_expression": "$request.body.action",
            "tags": {},
            "tags_all": {},
            "target": null,
            "version": ""
          },
          "sensitive_attributes": [],
          "private": "bnVsbA==",
          "create_before_destroy": true
        }
      ]
    },
    {
      "mode": "managed",
      "type": "aws_apigatewayv2_deployment",
      "name": "websocket_deploy",
      "provider": "provider[\"registry.terraform.io/hashicorp/aws\"]",
      "instances": [
        {
          "schema_version": 0,
          "attributes": {
            "api_id": "1qhpnrno87",
            "auto_deployed": false,
            "description": "",
            "id": "spywzr",
            "triggers": {
              "deployed_at": "Deployed at 2021-05-23T10:10:49Z"
            }
          },
          "sensitive_attributes": [],
          "private": "bnVsbA==",
          "dependencies": [
            "aws_apigatewayv2_route.connect",
            "aws_lambda_function.websockets_connect_lambda",
            "data.archive_file.lambda_disconnect",
            "aws_apigatewayv2_integration.websockets_disconnect_integration",
            "aws_apigatewayv2_integration.websockets_connect_integration",
            "aws_apigatewayv2_route.disconnect",
            "aws_iam_role.lambda_role",
            "aws_lambda_function.websockets_disconnect_lambda",
            "data.archive_file.lambda_on_connect",
            "aws_apigatewayv2_api.websocket_api"
          ],
          "create_before_destroy": true
        }
      ]
    },
    {
      "mode": "managed",
      "type": "aws_apigatewayv2_integration",
      "name": "websockets_connect_integration",
      "provider": "provider[\"registry.terraform.io/hashicorp/aws\"]",
      "instances": [
        {
          "schema_version": 0,
          "attributes": {
            "api_id": "1qhpnrno87",
            "connection_id": "",
            "connection_type": "INTERNET",
            "content_handling_strategy": "CONVERT_TO_TEXT",
            "credentials_arn": "arn:aws:iam::249733502015:role/api_gateway_invocation_role_dev",
            "description": "",
            "id": "gijnqql",
            "integration_method": "POST",
            "integration_response_selection_expression": "${integration.response.body.errorMessage}",
            "integration_subtype": "",
            "integration_type": "AWS",
            "integration_uri": "arn:aws:apigateway:us-east-1:lambda:path/2015-03-31/functions/arn:aws:lambda:us-east-1:249733502015:function:websockets_connect_dev/invocations",
            "passthrough_behavior": "WHEN_NO_MATCH",
            "payload_format_version": "1.0",
            "request_parameters": {},
            "request_templates": {},
            "response_parameters": [],
            "template_selection_expression": "",
            "timeout_milliseconds": 29000,
            "tls_config": []
          },
          "sensitive_attributes": [],
          "private": "bnVsbA==",
          "dependencies": [
            "aws_apigatewayv2_api.websocket_api",
            "aws_iam_role.lambda_role",
            "aws_lambda_function.websockets_connect_lambda",
            "data.archive_file.lambda_on_connect"
          ],
          "create_before_destroy": true
        }
      ]
    },
    {
      "mode": "managed",
      "type": "aws_apigatewayv2_integration",
      "name": "websockets_disconnect_integration",
      "provider": "provider[\"registry.terraform.io/hashicorp/aws\"]",
      "instances": [
        {
          "schema_version": 0,
          "attributes": {
            "api_id": "1qhpnrno87",
            "connection_id": "",
            "connection_type": "INTERNET",
            "content_handling_strategy": "CONVERT_TO_TEXT",
            "credentials_arn": "arn:aws:iam::249733502015:role/api_gateway_invocation_role_dev",
            "description": "",
            "id": "8gr23bq",
            "integration_method": "POST",
            "integration_response_selection_expression": "${integration.response.body.errorMessage}",
            "integration_subtype": "",
            "integration_type": "AWS",
            "integration_uri": "arn:aws:apigateway:us-east-1:lambda:path/2015-03-31/functions/arn:aws:lambda:us-east-1:249733502015:function:websockets_disconnect_dev/invocations",
            "passthrough_behavior": "WHEN_NO_MATCH",
            "payload_format_version": "1.0",
            "request_parameters": {},
            "request_templates": {},
            "response_parameters": [],
            "template_selection_expression": "",
            "timeout_milliseconds": 29000,
            "tls_config": []
          },
          "sensitive_attributes": [],
          "private": "bnVsbA==",
          "dependencies": [
            "aws_apigatewayv2_api.websocket_api",
            "aws_iam_role.lambda_role",
            "aws_lambda_function.websockets_disconnect_lambda",
            "data.archive_file.lambda_disconnect"
          ],
          "create_before_destroy": true
        }
      ]
    },
    {
      "mode": "managed",
      "type": "aws_apigatewayv2_route",
      "name": "connect",
      "provider": "provider[\"registry.terraform.io/hashicorp/aws\"]",
      "instances": [
        {
          "schema_version": 0,
          "attributes": {
            "api_id": "1qhpnrno87",
            "api_key_required": false,
            "authorization_scopes": [],
            "authorization_type": "NONE",
            "authorizer_id": "",
            "id": "090s0u0",
            "model_selection_expression": "",
            "operation_name": "",
            "request_models": {},
            "request_parameter": [],
            "route_key": "$connect",
            "route_response_selection_expression": "",
            "target": "integrations/gijnqql"
          },
          "sensitive_attributes": [],
          "private": "bnVsbA==",
          "dependencies": [
            "aws_apigatewayv2_api.websocket_api",
            "aws_apigatewayv2_integration.websockets_connect_integration",
            "aws_iam_role.lambda_role",
            "aws_lambda_function.websockets_connect_lambda",
            "data.archive_file.lambda_on_connect"
          ],
          "create_before_destroy": true
        }
      ]
    },
    {
      "mode": "managed",
      "type": "aws_apigatewayv2_route",
      "name": "disconnect",
      "provider": "provider[\"registry.terraform.io/hashicorp/aws\"]",
      "instances": [
        {
          "schema_version": 0,
          "attributes": {
            "api_id": "1qhpnrno87",
            "api_key_required": false,
            "authorization_scopes": [],
            "authorization_type": "NONE",
            "authorizer_id": "",
            "id": "v1j2u99",
            "model_selection_expression": "",
            "operation_name": "",
            "request_models": {},
            "request_parameter": [],
            "route_key": "$disconnect",
            "route_response_selection_expression": "",
            "target": "integrations/8gr23bq"
          },
          "sensitive_attributes": [],
          "private": "bnVsbA==",
          "dependencies": [
            "aws_apigatewayv2_api.websocket_api",
            "aws_apigatewayv2_integration.websockets_disconnect_integration",
            "aws_iam_role.lambda_role",
            "aws_lambda_function.websockets_disconnect_lambda",
            "data.archive_file.lambda_disconnect"
          ],
          "create_before_destroy": true
        }
      ]
    },
    {
      "mode": "managed",
      "type": "aws_apigatewayv2_stage",
      "name": "stage",
      "provider": "provider[\"registry.terraform.io/hashicorp/aws\"]",
      "instances": [
        {
          "schema_version": 0,
          "attributes": {
            "access_log_settings": [],
            "api_id": "1qhpnrno87",
            "arn": "arn:aws:apigateway:us-east-1::/apis/1qhpnrno87/stages/dev",
            "auto_deploy": false,
            "client_certificate_id": "",
            "default_route_settings": [
              {
                "data_trace_enabled": false,
                "detailed_metrics_enabled": false,
                "logging_level": "OFF",
                "throttling_burst_limit": 0,
                "throttling_rate_limit": 0
              }
            ],
            "deployment_id": "spywzr",
            "description": "",
            "execution_arn": "arn:aws:execute-api:us-east-1:249733502015:1qhpnrno87/dev",
            "id": "dev",
            "invoke_url": "wss://1qhpnrno87.execute-api.us-east-1.amazonaws.com/dev",
            "name": "dev",
            "route_settings": [],
            "stage_variables": {},
            "tags": {},
            "tags_all": {}
          },
          "sensitive_attributes": [],
          "private": "bnVsbA==",
          "dependencies": [
            "aws_apigatewayv2_deployment.websocket_deploy",
            "aws_apigatewayv2_integration.websockets_connect_integration",
            "aws_apigatewayv2_route.disconnect",
            "aws_lambda_function.websockets_connect_lambda",
            "aws_lambda_function.websockets_disconnect_lambda",
            "data.archive_file.lambda_on_connect",
            "aws_apigatewayv2_api.websocket_api",
            "aws_apigatewayv2_integration.websockets_disconnect_integration",
            "aws_apigatewayv2_route.connect",
            "aws_iam_role.lambda_role",
            "data.archive_file.lambda_disconnect"
          ]
        }
      ]
    },
    {
      "mode": "managed",
      "type": "aws_iam_role",
      "name": "api_gateway_invocation_role",
      "provider": "provider[\"registry.terraform.io/hashicorp/aws\"]",
      "instances": [
        {
          "schema_version": 0,
          "attributes": {
            "arn": "arn:aws:iam::249733502015:role/api_gateway_invocation_role_dev",
            "assume_role_policy": "{\"Version\":\"2012-10-17\",\"Statement\":[{\"Sid\":\"\",\"Effect\":\"Allow\",\"Principal\":{\"Service\":\"apigateway.amazonaws.com\"},\"Action\":\"sts:AssumeRole\"}]}",
            "create_date": "2021-05-23T10:10:13Z",
            "description": "",
            "force_detach_policies": false,
            "id": "api_gateway_invocation_role_dev",
            "inline_policy": [
              {
                "name": "api_gateway_invocation_policy_dev",
                "policy": "{\r\n  \"Version\": \"2012-10-17\",\r\n  \"Statement\": [\r\n    {\r\n      \"Action\": \"lambda:InvokeFunction\",\r\n      \"Effect\": \"Allow\",\r\n      \"Resource\": \"*\"\r\n    }\r\n  ]\r\n}\r\n"
              }
            ],
            "managed_policy_arns": [],
            "max_session_duration": 3600,
            "name": "api_gateway_invocation_role_dev",
            "name_prefix": null,
            "path": "/",
            "permissions_boundary": null,
            "tags": {},
            "tags_all": {},
            "unique_id": "AROATUJKG2Q73X2GOTKYU"
          },
          "sensitive_attributes": [],
          "private": "bnVsbA=="
        }
      ]
    },
    {
      "mode": "managed",
      "type": "aws_iam_role",
      "name": "lambda_role",
      "provider": "provider[\"registry.terraform.io/hashicorp/aws\"]",
      "instances": [
        {
          "schema_version": 0,
          "attributes": {
            "arn": "arn:aws:iam::249733502015:role/lambda_role_dev",
            "assume_role_policy": "{\"Version\":\"2012-10-17\",\"Statement\":[{\"Sid\":\"\",\"Effect\":\"Allow\",\"Principal\":{\"Service\":\"lambda.amazonaws.com\"},\"Action\":\"sts:AssumeRole\"}]}",
            "create_date": "2021-05-23T10:10:13Z",
            "description": "",
            "force_detach_policies": false,
            "id": "lambda_role_dev",
            "inline_policy": [
              {
                "name": "lambda_policy_dev",
                "policy": "{\r\n    \"Version\": \"2012-10-17\",\r\n    \"Statement\": [\r\n        {\r\n            \"Effect\": \"Allow\",\r\n            \"Action\": [\r\n                \"logs:CreateLogGroup\",\r\n                \"logs:CreateLogStream\",\r\n                \"logs:PutLogEvents\",\r\n                \"logs:DescribeLogStreams\"\r\n            ],\r\n            \"Resource\": [\r\n                \"arn:aws:logs:*:*:*\"\r\n            ]\r\n        },\r\n        {\r\n            \"Action\": [\r\n                \"xray:PutTraceSegments\",\r\n                \"xray:PutTelemetryRecords\"\r\n            ],\r\n            \"Resource\": [\r\n                \"*\"\r\n            ],\r\n            \"Effect\": \"Allow\"\r\n        },\r\n        {\r\n            \"Action\": [\r\n                \"lambda:InvokeFunction\"\r\n            ],\r\n            \"Resource\": [\r\n                \"arn:aws:lambda:us-east-1:249733502015:function:*\"\r\n            ],\r\n            \"Effect\": \"Allow\"\r\n        },\r\n        {\r\n            \"Action\": [\r\n                \"cognito-idp:AdminCreateUser\",\r\n                \"cognito-idp:AdminDisableUser\",\r\n                \"cognito-idp:AdminGetUser\",\r\n                \"cognito-idp:AdminUpdateUserAttributes\",\r\n                \"cognito-idp:ListUserPoolClients\"\r\n            ],\r\n            \"Resource\": [\r\n                \"arn:aws:cognito-idp:us-east-1:249733502015:userpool/*\"\r\n            ],\r\n            \"Effect\": \"Allow\"\r\n        },        \r\n        {\r\n            \"Action\": [\r\n                \"execute-api:Invoke\",\r\n                \"execute-api:ManageConnections\"\r\n            ],\r\n            \"Resource\": [\r\n                \"arn:aws:execute-api:us-east-1:249733502015:*\"\r\n            ],\r\n            \"Effect\": \"Allow\"\r\n        } \r\n    ]\r\n}\r\n"
              }
            ],
            "managed_policy_arns": [],
            "max_session_duration": 3600,
            "name": "lambda_role_dev",
            "name_prefix": null,
            "path": "/",
            "permissions_boundary": null,
            "tags": {},
            "tags_all": {},
            "unique_id": "AROATUJKG2Q72B6JJINL6"
          },
          "sensitive_attributes": [],
          "private": "bnVsbA==",
          "create_before_destroy": true
        }
      ]
    },
    {
      "mode": "managed",
      "type": "aws_iam_role_policy",
      "name": "api_gateway_invocation_policy",
      "provider": "provider[\"registry.terraform.io/hashicorp/aws\"]",
      "instances": [
        {
          "schema_version": 0,
          "attributes": {
            "id": "api_gateway_invocation_role_dev:api_gateway_invocation_policy_dev",
            "name": "api_gateway_invocation_policy_dev",
            "name_prefix": null,
            "policy": "{\r\n  \"Version\": \"2012-10-17\",\r\n  \"Statement\": [\r\n    {\r\n      \"Action\": \"lambda:InvokeFunction\",\r\n      \"Effect\": \"Allow\",\r\n      \"Resource\": \"*\"\r\n    }\r\n  ]\r\n}\r\n",
            "role": "api_gateway_invocation_role_dev"
          },
          "sensitive_attributes": [],
          "private": "bnVsbA==",
          "dependencies": [
            "aws_iam_role.api_gateway_invocation_role"
          ]
        }
      ]
    },
    {
      "mode": "managed",
      "type": "aws_iam_role_policy",
      "name": "lambda_policy",
      "provider": "provider[\"registry.terraform.io/hashicorp/aws\"]",
      "instances": [
        {
          "schema_version": 0,
          "attributes": {
            "id": "lambda_role_dev:lambda_policy_dev",
            "name": "lambda_policy_dev",
            "name_prefix": null,
            "policy": "{\r\n    \"Version\": \"2012-10-17\",\r\n    \"Statement\": [\r\n        {\r\n            \"Effect\": \"Allow\",\r\n            \"Action\": [\r\n                \"logs:CreateLogGroup\",\r\n                \"logs:CreateLogStream\",\r\n                \"logs:PutLogEvents\",\r\n                \"logs:DescribeLogStreams\"\r\n            ],\r\n            \"Resource\": [\r\n                \"arn:aws:logs:*:*:*\"\r\n            ]\r\n        },\r\n        {\r\n            \"Action\": [\r\n                \"xray:PutTraceSegments\",\r\n                \"xray:PutTelemetryRecords\"\r\n            ],\r\n            \"Resource\": [\r\n                \"*\"\r\n            ],\r\n            \"Effect\": \"Allow\"\r\n        },\r\n        {\r\n            \"Action\": [\r\n                \"lambda:InvokeFunction\"\r\n            ],\r\n            \"Resource\": [\r\n                \"arn:aws:lambda:us-east-1:249733502015:function:*\"\r\n            ],\r\n            \"Effect\": \"Allow\"\r\n        },\r\n        {\r\n            \"Action\": [\r\n                \"cognito-idp:AdminCreateUser\",\r\n                \"cognito-idp:AdminDisableUser\",\r\n                \"cognito-idp:AdminGetUser\",\r\n                \"cognito-idp:AdminUpdateUserAttributes\",\r\n                \"cognito-idp:ListUserPoolClients\"\r\n            ],\r\n            \"Resource\": [\r\n                \"arn:aws:cognito-idp:us-east-1:249733502015:userpool/*\"\r\n            ],\r\n            \"Effect\": \"Allow\"\r\n        },        \r\n        {\r\n            \"Action\": [\r\n                \"execute-api:Invoke\",\r\n                \"execute-api:ManageConnections\"\r\n            ],\r\n            \"Resource\": [\r\n                \"arn:aws:execute-api:us-east-1:249733502015:*\"\r\n            ],\r\n            \"Effect\": \"Allow\"\r\n        },\r\n         {\r\n            \"Action\": [\r\n                \"dynamodb:BatchGetItem\",\r\n                \"dynamodb:BatchWriteItem\",\r\n                \"dynamodb:DeleteItem\",\r\n                \"dynamodb:DescribeStream\",\r\n                \"dynamodb:DescribeTable\",\r\n                \"dynamodb:GetItem\",\r\n                \"dynamodb:GetRecords\",\r\n                \"dynamodb:GetShardIterator\",\r\n                \"dynamodb:ListShards\",\r\n                \"dynamodb:ListStreams\",\r\n                \"dynamodb:PutItem\",\r\n                \"dynamodb:Query\",\r\n                \"dynamodb:UpdateItem\"\r\n            ],\r\n            \"Resource\": [\r\n               \"*\"\r\n            ],\r\n            \"Effect\": \"Allow\"\r\n        },\r\n        {\r\n            \"Action\": [\r\n                \"dynamodb:DescribeTable\"\r\n            ],\r\n            \"Resource\": [ \"*\" ],\r\n            \"Effect\": \"Allow\"\r\n        }\r\n    ]\r\n}\r\n",
            "role": "lambda_role_dev"
          },
          "sensitive_attributes": [],
          "private": "bnVsbA==",
          "dependencies": [
            "aws_iam_role.lambda_role"
          ]
        }
      ]
    },
    {
      "mode": "managed",
      "type": "aws_lambda_function",
      "name": "websockets_connect_lambda",
      "provider": "provider[\"registry.terraform.io/hashicorp/aws\"]",
      "instances": [
        {
          "schema_version": 0,
          "attributes": {
            "arn": "arn:aws:lambda:us-east-1:249733502015:function:websockets_connect_dev",
            "code_signing_config_arn": "",
            "dead_letter_config": [],
            "description": "",
            "environment": [],
            "file_system_config": [],
            "filename": "python_handlers/onConnect.py.zip",
            "function_name": "websockets_connect_dev",
            "handler": "websockets.lambda_Handler",
            "id": "websockets_connect_dev",
            "image_config": [],
            "image_uri": "",
            "invoke_arn": "arn:aws:apigateway:us-east-1:lambda:path/2015-03-31/functions/arn:aws:lambda:us-east-1:249733502015:function:websockets_connect_dev/invocations",
            "kms_key_arn": "",
            "last_modified": "2021-05-23T10:10:34.112+0000",
            "layers": [],
            "memory_size": 128,
            "package_type": "Zip",
            "publish": false,
            "qualified_arn": "arn:aws:lambda:us-east-1:249733502015:function:websockets_connect_dev:$LATEST",
            "reserved_concurrent_executions": -1,
            "role": "arn:aws:iam::249733502015:role/lambda_role_dev",
            "runtime": "python3.8",
            "s3_bucket": null,
            "s3_key": null,
            "s3_object_version": null,
            "signing_job_arn": "",
            "signing_profile_version_arn": "",
            "source_code_hash": "6/5de/e2ntmvomPQOvxGoWOnuQM7362uo3d3b/DZ2Qs=",
            "source_code_size": 705,
            "tags": {},
            "tags_all": {},
            "timeout": 30,
            "timeouts": null,
            "tracing_config": [
              {
                "mode": "PassThrough"
              }
            ],
            "version": "$LATEST",
            "vpc_config": []
          },
          "sensitive_attributes": [],
          "private": "eyJlMmJmYjczMC1lY2FhLTExZTYtOGY4OC0zNDM2M2JjN2M0YzAiOnsiY3JlYXRlIjo2MDAwMDAwMDAwMDB9fQ==",
          "dependencies": [
            "aws_iam_role.lambda_role",
            "data.archive_file.lambda_on_connect"
          ],
          "create_before_destroy": true
        }
      ]
    },
    {
      "mode": "managed",
      "type": "aws_lambda_function",
      "name": "websockets_disconnect_lambda",
      "provider": "provider[\"registry.terraform.io/hashicorp/aws\"]",
      "instances": [
        {
          "schema_version": 0,
          "attributes": {
            "arn": "arn:aws:lambda:us-east-1:249733502015:function:websockets_disconnect_dev",
            "code_signing_config_arn": "",
            "dead_letter_config": [],
            "description": "",
            "environment": [],
            "file_system_config": [],
            "filename": "python_handlers/onConnect.py.zip",
            "function_name": "websockets_disconnect_dev",
            "handler": "websockets.lambda_Handler",
            "id": "websockets_disconnect_dev",
            "image_config": [],
            "image_uri": "",
            "invoke_arn": "arn:aws:apigateway:us-east-1:lambda:path/2015-03-31/functions/arn:aws:lambda:us-east-1:249733502015:function:websockets_disconnect_dev/invocations",
            "kms_key_arn": "",
            "last_modified": "2021-05-23T10:10:45.380+0000",
            "layers": [],
            "memory_size": 128,
            "package_type": "Zip",
            "publish": false,
            "qualified_arn": "arn:aws:lambda:us-east-1:249733502015:function:websockets_disconnect_dev:$LATEST",
            "reserved_concurrent_executions": -1,
            "role": "arn:aws:iam::249733502015:role/lambda_role_dev",
            "runtime": "python3.8",
            "s3_bucket": null,
            "s3_key": null,
            "s3_object_version": null,
            "signing_job_arn": "",
            "signing_profile_version_arn": "",
            "source_code_hash": "6/5de/e2ntmvomPQOvxGoWOnuQM7362uo3d3b/DZ2Qs=",
            "source_code_size": 705,
            "tags": {},
            "tags_all": {},
            "timeout": 30,
            "timeouts": null,
            "tracing_config": [
              {
                "mode": "PassThrough"
              }
            ],
            "version": "$LATEST",
            "vpc_config": []
          },
          "sensitive_attributes": [],
          "private": "eyJlMmJmYjczMC1lY2FhLTExZTYtOGY4OC0zNDM2M2JjN2M0YzAiOnsiY3JlYXRlIjo2MDAwMDAwMDAwMDB9fQ==",
          "dependencies": [
            "aws_iam_role.lambda_role",
            "data.archive_file.lambda_disconnect"
          ],
          "create_before_destroy": true
        }
      ]
    },
    {
      "mode": "managed",
      "type": "aws_lambda_permission",
      "name": "apigw_connect_lambda",
      "provider": "provider[\"registry.terraform.io/hashicorp/aws\"]",
      "instances": [
        {
          "schema_version": 0,
          "attributes": {
            "action": "lambda:InvokeFunction",
            "event_source_token": null,
            "function_name": "websockets_connect_dev",
            "id": "AllowExecutionFromAPIGateway",
            "principal": "apigateway.amazonaws.com",
            "qualifier": "",
            "source_account": null,
            "source_arn": "arn:aws:execute-api:us-east-1:249733502015:1qhpnrno87/*/*",
            "statement_id": "AllowExecutionFromAPIGateway",
            "statement_id_prefix": null
          },
          "sensitive_attributes": [],
          "private": "bnVsbA==",
          "dependencies": [
            "data.archive_file.lambda_on_connect",
            "aws_apigatewayv2_api.websocket_api",
            "aws_iam_role.lambda_role",
            "aws_lambda_function.websockets_connect_lambda"
          ]
        }
      ]
    },
    {
      "mode": "managed",
      "type": "aws_lambda_permission",
      "name": "apigw_disconnect_lambda",
      "provider": "provider[\"registry.terraform.io/hashicorp/aws\"]",
      "instances": [
        {
          "schema_version": 0,
          "attributes": {
            "action": "lambda:InvokeFunction",
            "event_source_token": null,
            "function_name": "websockets_disconnect_dev",
            "id": "AllowExecutionFromAPIGateway",
            "principal": "apigateway.amazonaws.com",
            "qualifier": "",
            "source_account": null,
            "source_arn": "arn:aws:execute-api:us-east-1:249733502015:1qhpnrno87/*/*",
            "statement_id": "AllowExecutionFromAPIGateway",
            "statement_id_prefix": null
          },
          "sensitive_attributes": [],
          "private": "bnVsbA==",
          "dependencies": [
            "aws_lambda_function.websockets_disconnect_lambda",
            "data.archive_file.lambda_disconnect",
            "aws_apigatewayv2_api.websocket_api",
            "aws_iam_role.lambda_role"
          ]
        }
      ]
    }
  ]
}
